
Microsoft Visual Studio Solution File, Format Version 12.00
# Visual Studio Version 16
VisualStudioVersion = 16.0.29409.12
MinimumVisualStudioVersion = 10.0.40219.1
Project("{9A19103F-16F7-4668-BE54-9A1E7A4F7556}") = "Core.Web", "Core.Frame.Web\Core.Web.csproj", "{D0E613E2-8B18-4D62-B855-8C0772882795}"
EndProject
Project("{9A19103F-16F7-4668-BE54-9A1E7A4F7556}") = "Core.Domain", "Core.Domain\Core.Domain.csproj", "{8D39679B-96BD-4711-A908-D5186A392017}"
EndProject
Project("{9A19103F-16F7-4668-BE54-9A1E7A4F7556}") = "Core.Global", "Core.Global\Core.Global.csproj", "{7F13A0B1-3071-4677-9B49-C319172037BC}"
EndProject
Project("{FAE04EC0-301F-11D3-BF4B-00C04F79EFBC}") = "Core.Infrastructure", "Core.Infrastructure\Core.Infrastructure.csproj", "{D8D5FC4F-2FAE-4947-8479-C30F887114BB}"
EndProject
Project("{FAE04EC0-301F-11D3-BF4B-00C04F79EFBC}") = "Core.Application", "Core.Application\Core.Application.csproj", "{AA63F981-3914-41D4-B624-6415CD4714B6}"
EndProject
Global
	GlobalSection(SolutionConfigurationPlatforms) = preSolution
		Debug|Any CPU = Debug|Any CPU
		Release|Any CPU = Release|Any CPU
	EndGlobalSection
	GlobalSection(ProjectConfigurationPlatforms) = postSolution
		{D0E613E2-8B18-4D62-B855-8C0772882795}.Debug|Any CPU.ActiveCfg = Debug|Any CPU
		{D0E613E2-8B18-4D62-B855-8C0772882795}.Debug|Any CPU.Build.0 = Debug|Any CPU
		{D0E613E2-8B18-4D62-B855-8C0772882795}.Release|Any CPU.ActiveCfg = Release|Any CPU
		{D0E613E2-8B18-4D62-B855-8C0772882795}.Release|Any CPU.Build.0 = Release|Any CPU
		{8D39679B-96BD-4711-A908-D5186A392017}.Debug|Any CPU.ActiveCfg = Debug|Any CPU
		{8D39679B-96BD-4711-A908-D5186A392017}.Debug|Any CPU.Build.0 = Debug|Any CPU
		{8D39679B-96BD-4711-A908-D5186A392017}.Release|Any CPU.ActiveCfg = Release|Any CPU
		{8D39679B-96BD-4711-A908-D5186A392017}.Release|Any CPU.Build.0 = Release|Any CPU
		{7F13A0B1-3071-4677-9B49-C319172037BC}.Debug|Any CPU.ActiveCfg = Debug|Any CPU
		{7F13A0B1-3071-4677-9B49-C319172037BC}.Debug|Any CPU.Build.0 = Debug|Any CPU
		{7F13A0B1-3071-4677-9B49-C319172037BC}.Release|Any CPU.ActiveCfg = Release|Any CPU
		{7F13A0B1-3071-4677-9B49-C319172037BC}.Release|Any CPU.Build.0 = Release|Any CPU
		{D8D5FC4F-2FAE-4947-8479-C30F887114BB}.Debug|Any CPU.ActiveCfg = Debug|Any CPU
		{D8D5FC4F-2FAE-4947-8479-C30F887114BB}.Debug|Any CPU.Build.0 = Debug|Any CPU
		{D8D5FC4F-2FAE-4947-8479-C30F887114BB}.Release|Any CPU.ActiveCfg = Release|Any CPU
		{D8D5FC4F-2FAE-4947-8479-C30F887114BB}.Release|Any CPU.Build.0 = Release|Any CPU
		{AA63F981-3914-41D4-B624-6415CD4714B6}.Debug|Any CPU.ActiveCfg = Debug|Any CPU
		{AA63F981-3914-41D4-B624-6415CD4714B6}.Debug|Any CPU.Build.0 = Debug|Any CPU
		{AA63F981-3914-41D4-B624-6415CD4714B6}.Release|Any CPU.ActiveCfg = Release|Any CPU
		{AA63F981-3914-41D4-B624-6415CD4714B6}.Release|Any CPU.Build.0 = Release|Any CPU
	EndGlobalSection
	GlobalSection(SolutionProperties) = preSolution
		HideSolutionNode = FALSE
	EndGlobalSection
	GlobalSection(ExtensibilityGlobals) = postSolution
		SolutionGuid = {38DC73AA-A86A-4F85-A9D5-F8F21C601F64}
	EndGlobalSection
EndGlobal
